
Microsoft Visual Studio Solution File, Format Version 12.00
# Visual Studio Version 17
VisualStudioVersion = 17.5.002.0
MinimumVisualStudioVersion = 10.0.40219.1
Project("{9A19103F-16F7-4668-BE54-9A1E7A4F7556}") = "Vetor_TAD", "Vetor_TAD.csproj", "{51F68FEC-5794-4EBF-BE99-5F37FE8C1FED}"
EndProject
Global
	GlobalSection(SolutionConfigurationPlatforms) = preSolution
		Debug|Any CPU = Debug|Any CPU
		Release|Any CPU = Release|Any CPU
	EndGlobalSection
	GlobalSection(ProjectConfigurationPlatforms) = postSolution
		{51F68FEC-5794-4EBF-BE99-5F37FE8C1FED}.Debug|Any CPU.ActiveCfg = Debug|Any CPU
		{51F68FEC-5794-4EBF-BE99-5F37FE8C1FED}.Debug|Any CPU.Build.0 = Debug|Any CPU
		{51F68FEC-5794-4EBF-BE99-5F37FE8C1FED}.Release|Any CPU.ActiveCfg = Release|Any CPU
		{51F68FEC-5794-4EBF-BE99-5F37FE8C1FED}.Release|Any CPU.Build.0 = Release|Any CPU
	EndGlobalSection
	GlobalSection(SolutionProperties) = preSolution
		HideSolutionNode = FALSE
	EndGlobalSection
	GlobalSection(ExtensibilityGlobals) = postSolution
		SolutionGuid = {6894B16B-9557-48FB-A272-8415AD3EF278}
	EndGlobalSection
EndGlobal
